
Microsoft Visual Studio Solution File, Format Version 12.00
# Visual Studio Version 17
VisualStudioVersion = 17.8.34525.116
MinimumVisualStudioVersion = 10.0.40219.1
Project("{FAE04EC0-301F-11D3-BF4B-00C04F79EFBC}") = "Reddit scraper", "Reddit scraper.csproj", "{BE595163-A3B9-4DDB-A406-56C26F624AE7}"
EndProject
Global
	GlobalSection(SolutionConfigurationPlatforms) = preSolution
		Debug|Any CPU = Debug|Any CPU
		Release|Any CPU = Release|Any CPU
	EndGlobalSection
	GlobalSection(ProjectConfigurationPlatforms) = postSolution
		{BE595163-A3B9-4DDB-A406-56C26F624AE7}.Debug|Any CPU.ActiveCfg = Debug|Any CPU
		{BE595163-A3B9-4DDB-A406-56C26F624AE7}.Debug|Any CPU.Build.0 = Debug|Any CPU
		{BE595163-A3B9-4DDB-A406-56C26F624AE7}.Release|Any CPU.ActiveCfg = Release|Any CPU
		{BE595163-A3B9-4DDB-A406-56C26F624AE7}.Release|Any CPU.Build.0 = Release|Any CPU
	EndGlobalSection
	GlobalSection(SolutionProperties) = preSolution
		HideSolutionNode = FALSE
	EndGlobalSection
	GlobalSection(ExtensibilityGlobals) = postSolution
		SolutionGuid = {2737AD19-BF03-47D2-80A4-C23C7CDE8606}
	EndGlobalSection
EndGlobal
